
Microsoft Visual Studio Solution File, Format Version 12.00
# Visual Studio Version 17
VisualStudioVersion = 17.0.31903.59
MinimumVisualStudioVersion = 10.0.40219.1
Project("{FAE04EC0-301F-11D3-BF4B-00C04F79EFBC}") = "TodoList.Models", "TodoList.Models\TodoList.Models.csproj", "{5940053F-AF09-43DF-B2C5-F52DB4532DE0}"
EndProject
Project("{FAE04EC0-301F-11D3-BF4B-00C04F79EFBC}") = "TodoList.API", "TodoList.API\TodoList.API.csproj", "{B7EB5E35-E198-449F-87C2-41E6E0A44F50}"
EndProject
Project("{FAE04EC0-301F-11D3-BF4B-00C04F79EFBC}") = "TodoList.Tests", "TodoList.Tests\TodoList.Tests.csproj", "{BE82D2BA-2E03-4330-8065-D58B33FA986E}"
EndProject
Global
	GlobalSection(SolutionConfigurationPlatforms) = preSolution
		Debug|Any CPU = Debug|Any CPU
		Release|Any CPU = Release|Any CPU
	EndGlobalSection
	GlobalSection(SolutionProperties) = preSolution
		HideSolutionNode = FALSE
	EndGlobalSection
	GlobalSection(ProjectConfigurationPlatforms) = postSolution
		{5940053F-AF09-43DF-B2C5-F52DB4532DE0}.Debug|Any CPU.ActiveCfg = Debug|Any CPU
		{5940053F-AF09-43DF-B2C5-F52DB4532DE0}.Debug|Any CPU.Build.0 = Debug|Any CPU
		{5940053F-AF09-43DF-B2C5-F52DB4532DE0}.Release|Any CPU.ActiveCfg = Release|Any CPU
		{5940053F-AF09-43DF-B2C5-F52DB4532DE0}.Release|Any CPU.Build.0 = Release|Any CPU
		{B7EB5E35-E198-449F-87C2-41E6E0A44F50}.Debug|Any CPU.ActiveCfg = Debug|Any CPU
		{B7EB5E35-E198-449F-87C2-41E6E0A44F50}.Debug|Any CPU.Build.0 = Debug|Any CPU
		{B7EB5E35-E198-449F-87C2-41E6E0A44F50}.Release|Any CPU.ActiveCfg = Release|Any CPU
		{B7EB5E35-E198-449F-87C2-41E6E0A44F50}.Release|Any CPU.Build.0 = Release|Any CPU
		{BE82D2BA-2E03-4330-8065-D58B33FA986E}.Debug|Any CPU.ActiveCfg = Debug|Any CPU
		{BE82D2BA-2E03-4330-8065-D58B33FA986E}.Debug|Any CPU.Build.0 = Debug|Any CPU
		{BE82D2BA-2E03-4330-8065-D58B33FA986E}.Release|Any CPU.ActiveCfg = Release|Any CPU
		{BE82D2BA-2E03-4330-8065-D58B33FA986E}.Release|Any CPU.Build.0 = Release|Any CPU
	EndGlobalSection
EndGlobal
